// !$*UTF8*$!
{
	archiveVersion = 1;
	classes = {
	};
	objectVersion = 50;
	objects = {

/* Begin PBXBuildFile section */
		107D2E17CCD979A453F43EAF /* libPods-Canary_Weather_AppTests.a in Frameworks */ = {isa = PBXBuildFile; fileRef = 6AD4280A975268438A44F8D8 /* libPods-Canary_Weather_AppTests.a */; };
		8BF1DCA6215072DE055D3D83 /* libPods-Canary_Weather_App.a in Frameworks */ = {isa = PBXBuildFile; fileRef = 5261B4A0ACE5502A94113835 /* libPods-Canary_Weather_App.a */; };
		A94DCBB920DD999400094682 /* AppDelegate.m in Sources */ = {isa = PBXBuildFile; fileRef = A94DCBB820DD999400094682 /* AppDelegate.m */; };
		A94DCBBC20DD999400094682 /* ViewController.m in Sources */ = {isa = PBXBuildFile; fileRef = A94DCBBB20DD999400094682 /* ViewController.m */; };
		A94DCBBF20DD999400094682 /* Main.storyboard in Resources */ = {isa = PBXBuildFile; fileRef = A94DCBBD20DD999400094682 /* Main.storyboard */; };
		A94DCBC220DD999400094682 /* Canary_Weather_App.xcdatamodeld in Sources */ = {isa = PBXBuildFile; fileRef = A94DCBC020DD999400094682 /* Canary_Weather_App.xcdatamodeld */; };
		A94DCBC420DD999700094682 /* Assets.xcassets in Resources */ = {isa = PBXBuildFile; fileRef = A94DCBC320DD999700094682 /* Assets.xcassets */; };
		A94DCBC720DD999700094682 /* LaunchScreen.storyboard in Resources */ = {isa = PBXBuildFile; fileRef = A94DCBC520DD999700094682 /* LaunchScreen.storyboard */; };
		A94DCBCA20DD999700094682 /* main.m in Sources */ = {isa = PBXBuildFile; fileRef = A94DCBC920DD999700094682 /* main.m */; };
		A94DCBD420DD999700094682 /* Canary_Weather_AppTests.m in Sources */ = {isa = PBXBuildFile; fileRef = A94DCBD320DD999700094682 /* Canary_Weather_AppTests.m */; };
		A94DCBDF20DD999700094682 /* Canary_Weather_AppUITests.m in Sources */ = {isa = PBXBuildFile; fileRef = A94DCBDE20DD999700094682 /* Canary_Weather_AppUITests.m */; };
		A94DCBED20DDB83600094682 /* CW_LocationSlide.xib in Resources */ = {isa = PBXBuildFile; fileRef = A94DCBEC20DDB83600094682 /* CW_LocationSlide.xib */; };
		A94DCBF020DDB85400094682 /* CW_LocationSlide.m in Sources */ = {isa = PBXBuildFile; fileRef = A94DCBEF20DDB85400094682 /* CW_LocationSlide.m */; };
		A94DCBF320DF41D800094682 /* CW_DarkSkyAPICaller.m in Sources */ = {isa = PBXBuildFile; fileRef = A94DCBF220DF41D800094682 /* CW_DarkSkyAPICaller.m */; };
		A94DCBF520E06FA900094682 /* CW_LocationsView.m in Sources */ = {isa = PBXBuildFile; fileRef = A94DCBF420E06FA900094682 /* CW_LocationsView.m */; };
		A94DCBFA20E070D800094682 /* CW_AddLocationView.m in Sources */ = {isa = PBXBuildFile; fileRef = A94DCBF820E070D800094682 /* CW_AddLocationView.m */; };
		A94DCBFB20E070D800094682 /* CW_AddLocationView.xib in Resources */ = {isa = PBXBuildFile; fileRef = A94DCBF920E070D800094682 /* CW_AddLocationView.xib */; };
		A94DCBFE20E0727A00094682 /* CW_ForecastCollection.m in Sources */ = {isa = PBXBuildFile; fileRef = A94DCBFD20E0727A00094682 /* CW_ForecastCollection.m */; };
		A94DCC0120E12D9000094682 /* CW_ForecastCell.m in Sources */ = {isa = PBXBuildFile; fileRef = A94DCC0020E12D9000094682 /* CW_ForecastCell.m */; };
		A9C80B3320E297960074B74E /* CW_WeatherDetail.m in Sources */ = {isa = PBXBuildFile; fileRef = A9C80B3120E297960074B74E /* CW_WeatherDetail.m */; };
		A9C80B3420E297960074B74E /* CW_WeatherDetail.xib in Resources */ = {isa = PBXBuildFile; fileRef = A9C80B3220E297960074B74E /* CW_WeatherDetail.xib */; };
		F569EDC95D9394F316C45038 /* libPods-Canary_Weather_AppUITests.a in Frameworks */ = {isa = PBXBuildFile; fileRef = C89E83EF16CB4886F975D4FD /* libPods-Canary_Weather_AppUITests.a */; };
/* End PBXBuildFile section */

/* Begin PBXContainerItemProxy section */
		A94DCBD020DD999700094682 /* PBXContainerItemProxy */ = {
			isa = PBXContainerItemProxy;
			containerPortal = A94DCBAC20DD999400094682 /* Project object */;
			proxyType = 1;
			remoteGlobalIDString = A94DCBB320DD999400094682;
			remoteInfo = Canary_Weather_App;
		};
		A94DCBDB20DD999700094682 /* PBXContainerItemProxy */ = {
			isa = PBXContainerItemProxy;
			containerPortal = A94DCBAC20DD999400094682 /* Project object */;
			proxyType = 1;
			remoteGlobalIDString = A94DCBB320DD999400094682;
			remoteInfo = Canary_Weather_App;
		};
/* End PBXContainerItemProxy section */

/* Begin PBXFileReference section */
		5261B4A0ACE5502A94113835 /* libPods-Canary_Weather_App.a */ = {isa = PBXFileReference; explicitFileType = archive.ar; includeInIndex = 0; path = "libPods-Canary_Weather_App.a"; sourceTree = BUILT_PRODUCTS_DIR; };
		6264D3344202B3D7CF298F04 /* Pods-Canary_Weather_AppTests.debug.xcconfig */ = {isa = PBXFileReference; includeInIndex = 1; lastKnownFileType = text.xcconfig; name = "Pods-Canary_Weather_AppTests.debug.xcconfig"; path = "Pods/Target Support Files/Pods-Canary_Weather_AppTests/Pods-Canary_Weather_AppTests.debug.xcconfig"; sourceTree = "<group>"; };
		6824D5269DAD0C4BB82FDB43 /* Pods-Canary_Weather_App.debug.xcconfig */ = {isa = PBXFileReference; includeInIndex = 1; lastKnownFileType = text.xcconfig; name = "Pods-Canary_Weather_App.debug.xcconfig"; path = "Pods/Target Support Files/Pods-Canary_Weather_App/Pods-Canary_Weather_App.debug.xcconfig"; sourceTree = "<group>"; };
		6AD4280A975268438A44F8D8 /* libPods-Canary_Weather_AppTests.a */ = {isa = PBXFileReference; explicitFileType = archive.ar; includeInIndex = 0; path = "libPods-Canary_Weather_AppTests.a"; sourceTree = BUILT_PRODUCTS_DIR; };
		770B73D6092AB60075A7C088 /* Pods-Canary_Weather_App.release.xcconfig */ = {isa = PBXFileReference; includeInIndex = 1; lastKnownFileType = text.xcconfig; name = "Pods-Canary_Weather_App.release.xcconfig"; path = "Pods/Target Support Files/Pods-Canary_Weather_App/Pods-Canary_Weather_App.release.xcconfig"; sourceTree = "<group>"; };
		9AFA7FAE7887F5175B6436EB /* Pods-Canary_Weather_AppTests.release.xcconfig */ = {isa = PBXFileReference; includeInIndex = 1; lastKnownFileType = text.xcconfig; name = "Pods-Canary_Weather_AppTests.release.xcconfig"; path = "Pods/Target Support Files/Pods-Canary_Weather_AppTests/Pods-Canary_Weather_AppTests.release.xcconfig"; sourceTree = "<group>"; };
		A8DAFDA03EF8804EFC792AE6 /* Pods-Canary_Weather_AppUITests.release.xcconfig */ = {isa = PBXFileReference; includeInIndex = 1; lastKnownFileType = text.xcconfig; name = "Pods-Canary_Weather_AppUITests.release.xcconfig"; path = "Pods/Target Support Files/Pods-Canary_Weather_AppUITests/Pods-Canary_Weather_AppUITests.release.xcconfig"; sourceTree = "<group>"; };
		A94DCBB420DD999400094682 /* Canary_Weather_App.app */ = {isa = PBXFileReference; explicitFileType = wrapper.application; includeInIndex = 0; path = Canary_Weather_App.app; sourceTree = BUILT_PRODUCTS_DIR; };
		A94DCBB720DD999400094682 /* AppDelegate.h */ = {isa = PBXFileReference; lastKnownFileType = sourcecode.c.h; path = AppDelegate.h; sourceTree = "<group>"; };
		A94DCBB820DD999400094682 /* AppDelegate.m */ = {isa = PBXFileReference; lastKnownFileType = sourcecode.c.objc; path = AppDelegate.m; sourceTree = "<group>"; };
		A94DCBBA20DD999400094682 /* ViewController.h */ = {isa = PBXFileReference; lastKnownFileType = sourcecode.c.h; path = ViewController.h; sourceTree = "<group>"; };
		A94DCBBB20DD999400094682 /* ViewController.m */ = {isa = PBXFileReference; lastKnownFileType = sourcecode.c.objc; path = ViewController.m; sourceTree = "<group>"; };
		A94DCBBE20DD999400094682 /* Base */ = {isa = PBXFileReference; lastKnownFileType = file.storyboard; name = Base; path = Base.lproj/Main.storyboard; sourceTree = "<group>"; };
		A94DCBC120DD999400094682 /* Canary_Weather_App.xcdatamodel */ = {isa = PBXFileReference; lastKnownFileType = wrapper.xcdatamodel; path = Canary_Weather_App.xcdatamodel; sourceTree = "<group>"; };
		A94DCBC320DD999700094682 /* Assets.xcassets */ = {isa = PBXFileReference; lastKnownFileType = folder.assetcatalog; path = Assets.xcassets; sourceTree = "<group>"; };
		A94DCBC620DD999700094682 /* Base */ = {isa = PBXFileReference; lastKnownFileType = file.storyboard; name = Base; path = Base.lproj/LaunchScreen.storyboard; sourceTree = "<group>"; };
		A94DCBC820DD999700094682 /* Info.plist */ = {isa = PBXFileReference; lastKnownFileType = text.plist.xml; path = Info.plist; sourceTree = "<group>"; };
		A94DCBC920DD999700094682 /* main.m */ = {isa = PBXFileReference; lastKnownFileType = sourcecode.c.objc; path = main.m; sourceTree = "<group>"; };
		A94DCBCF20DD999700094682 /* Canary_Weather_AppTests.xctest */ = {isa = PBXFileReference; explicitFileType = wrapper.cfbundle; includeInIndex = 0; path = Canary_Weather_AppTests.xctest; sourceTree = BUILT_PRODUCTS_DIR; };
		A94DCBD320DD999700094682 /* Canary_Weather_AppTests.m */ = {isa = PBXFileReference; lastKnownFileType = sourcecode.c.objc; path = Canary_Weather_AppTests.m; sourceTree = "<group>"; };
		A94DCBD520DD999700094682 /* Info.plist */ = {isa = PBXFileReference; lastKnownFileType = text.plist.xml; path = Info.plist; sourceTree = "<group>"; };
		A94DCBDA20DD999700094682 /* Canary_Weather_AppUITests.xctest */ = {isa = PBXFileReference; explicitFileType = wrapper.cfbundle; includeInIndex = 0; path = Canary_Weather_AppUITests.xctest; sourceTree = BUILT_PRODUCTS_DIR; };
		A94DCBDE20DD999700094682 /* Canary_Weather_AppUITests.m */ = {isa = PBXFileReference; lastKnownFileType = sourcecode.c.objc; path = Canary_Weather_AppUITests.m; sourceTree = "<group>"; };
		A94DCBE020DD999700094682 /* Info.plist */ = {isa = PBXFileReference; lastKnownFileType = text.plist.xml; path = Info.plist; sourceTree = "<group>"; };
		A94DCBEC20DDB83600094682 /* CW_LocationSlide.xib */ = {isa = PBXFileReference; lastKnownFileType = file.xib; path = CW_LocationSlide.xib; sourceTree = "<group>"; };
		A94DCBEE20DDB85400094682 /* CW_LocationSlide.h */ = {isa = PBXFileReference; lastKnownFileType = sourcecode.c.h; path = CW_LocationSlide.h; sourceTree = "<group>"; };
		A94DCBEF20DDB85400094682 /* CW_LocationSlide.m */ = {isa = PBXFileReference; lastKnownFileType = sourcecode.c.objc; path = CW_LocationSlide.m; sourceTree = "<group>"; };
		A94DCBF120DF41D800094682 /* CW_DarkSkyAPICaller.h */ = {isa = PBXFileReference; lastKnownFileType = sourcecode.c.h; path = CW_DarkSkyAPICaller.h; sourceTree = "<group>"; };
		A94DCBF220DF41D800094682 /* CW_DarkSkyAPICaller.m */ = {isa = PBXFileReference; lastKnownFileType = sourcecode.c.objc; path = CW_DarkSkyAPICaller.m; sourceTree = "<group>"; };
		A94DCBF420E06FA900094682 /* CW_LocationsView.m */ = {isa = PBXFileReference; lastKnownFileType = sourcecode.c.objc; path = CW_LocationsView.m; sourceTree = "<group>"; };
		A94DCBF620E06FB900094682 /* CW_LocationsView.h */ = {isa = PBXFileReference; lastKnownFileType = sourcecode.c.h; path = CW_LocationsView.h; sourceTree = "<group>"; };
		A94DCBF720E070D800094682 /* CW_AddLocationView.h */ = {isa = PBXFileReference; lastKnownFileType = sourcecode.c.h; path = CW_AddLocationView.h; sourceTree = "<group>"; };
		A94DCBF820E070D800094682 /* CW_AddLocationView.m */ = {isa = PBXFileReference; lastKnownFileType = sourcecode.c.objc; path = CW_AddLocationView.m; sourceTree = "<group>"; };
		A94DCBF920E070D800094682 /* CW_AddLocationView.xib */ = {isa = PBXFileReference; lastKnownFileType = file.xib; path = CW_AddLocationView.xib; sourceTree = "<group>"; };
		A94DCBFC20E0727A00094682 /* CW_ForecastCollection.h */ = {isa = PBXFileReference; lastKnownFileType = sourcecode.c.h; path = CW_ForecastCollection.h; sourceTree = "<group>"; };
		A94DCBFD20E0727A00094682 /* CW_ForecastCollection.m */ = {isa = PBXFileReference; lastKnownFileType = sourcecode.c.objc; path = CW_ForecastCollection.m; sourceTree = "<group>"; };
		A94DCBFF20E12D9000094682 /* CW_ForecastCell.h */ = {isa = PBXFileReference; lastKnownFileType = sourcecode.c.h; path = CW_ForecastCell.h; sourceTree = "<group>"; };
		A94DCC0020E12D9000094682 /* CW_ForecastCell.m */ = {isa = PBXFileReference; lastKnownFileType = sourcecode.c.objc; path = CW_ForecastCell.m; sourceTree = "<group>"; };
		A9C80B3020E297960074B74E /* CW_WeatherDetail.h */ = {isa = PBXFileReference; lastKnownFileType = sourcecode.c.h; path = CW_WeatherDetail.h; sourceTree = "<group>"; };
		A9C80B3120E297960074B74E /* CW_WeatherDetail.m */ = {isa = PBXFileReference; lastKnownFileType = sourcecode.c.objc; path = CW_WeatherDetail.m; sourceTree = "<group>"; };
		A9C80B3220E297960074B74E /* CW_WeatherDetail.xib */ = {isa = PBXFileReference; lastKnownFileType = file.xib; path = CW_WeatherDetail.xib; sourceTree = "<group>"; };
		C89E83EF16CB4886F975D4FD /* libPods-Canary_Weather_AppUITests.a */ = {isa = PBXFileReference; explicitFileType = archive.ar; includeInIndex = 0; path = "libPods-Canary_Weather_AppUITests.a"; sourceTree = BUILT_PRODUCTS_DIR; };
		EAA9A29284BE2980810FACBF /* Pods-Canary_Weather_AppUITests.debug.xcconfig */ = {isa = PBXFileReference; includeInIndex = 1; lastKnownFileType = text.xcconfig; name = "Pods-Canary_Weather_AppUITests.debug.xcconfig"; path = "Pods/Target Support Files/Pods-Canary_Weather_AppUITests/Pods-Canary_Weather_AppUITests.debug.xcconfig"; sourceTree = "<group>"; };
/* End PBXFileReference section */

/* Begin PBXFrameworksBuildPhase section */
		A94DCBB120DD999400094682 /* Frameworks */ = {
			isa = PBXFrameworksBuildPhase;
			buildActionMask = 2147483647;
			files = (
				8BF1DCA6215072DE055D3D83 /* libPods-Canary_Weather_App.a in Frameworks */,
			);
			runOnlyForDeploymentPostprocessing = 0;
		};
		A94DCBCC20DD999700094682 /* Frameworks */ = {
			isa = PBXFrameworksBuildPhase;
			buildActionMask = 2147483647;
			files = (
				107D2E17CCD979A453F43EAF /* libPods-Canary_Weather_AppTests.a in Frameworks */,
			);
			runOnlyForDeploymentPostprocessing = 0;
		};
		A94DCBD720DD999700094682 /* Frameworks */ = {
			isa = PBXFrameworksBuildPhase;
			buildActionMask = 2147483647;
			files = (
				F569EDC95D9394F316C45038 /* libPods-Canary_Weather_AppUITests.a in Frameworks */,
			);
			runOnlyForDeploymentPostprocessing = 0;
		};
/* End PBXFrameworksBuildPhase section */

/* Begin PBXGroup section */
		A94DCBAB20DD999400094682 = {
			isa = PBXGroup;
			children = (
				A94DCBB620DD999400094682 /* Canary_Weather_App */,
				A94DCBD220DD999700094682 /* Canary_Weather_AppTests */,
				A94DCBDD20DD999700094682 /* Canary_Weather_AppUITests */,
				A94DCBB520DD999400094682 /* Products */,
				DB46F587344C57ED7DB37431 /* Pods */,
				C81746C809CE003F0E483788 /* Frameworks */,
			);
			sourceTree = "<group>";
		};
		A94DCBB520DD999400094682 /* Products */ = {
			isa = PBXGroup;
			children = (
				A94DCBB420DD999400094682 /* Canary_Weather_App.app */,
				A94DCBCF20DD999700094682 /* Canary_Weather_AppTests.xctest */,
				A94DCBDA20DD999700094682 /* Canary_Weather_AppUITests.xctest */,
			);
			name = Products;
			sourceTree = "<group>";
		};
		A94DCBB620DD999400094682 /* Canary_Weather_App */ = {
			isa = PBXGroup;
			children = (
				A94DCBB720DD999400094682 /* AppDelegate.h */,
				A94DCBB820DD999400094682 /* AppDelegate.m */,
				A94DCBBA20DD999400094682 /* ViewController.h */,
				A94DCBBB20DD999400094682 /* ViewController.m */,
				A94DCBEC20DDB83600094682 /* CW_LocationSlide.xib */,
				A94DCBEE20DDB85400094682 /* CW_LocationSlide.h */,
				A94DCBEF20DDB85400094682 /* CW_LocationSlide.m */,
				A94DCBF120DF41D800094682 /* CW_DarkSkyAPICaller.h */,
				A94DCBF220DF41D800094682 /* CW_DarkSkyAPICaller.m */,
				A94DCBF420E06FA900094682 /* CW_LocationsView.m */,
				A94DCBF620E06FB900094682 /* CW_LocationsView.h */,
				A94DCBF720E070D800094682 /* CW_AddLocationView.h */,
				A94DCBF820E070D800094682 /* CW_AddLocationView.m */,
				A94DCBF920E070D800094682 /* CW_AddLocationView.xib */,
				A94DCBFC20E0727A00094682 /* CW_ForecastCollection.h */,
				A94DCBFD20E0727A00094682 /* CW_ForecastCollection.m */,
				A94DCBFF20E12D9000094682 /* CW_ForecastCell.h */,
				A94DCC0020E12D9000094682 /* CW_ForecastCell.m */,
				A94DCBBD20DD999400094682 /* Main.storyboard */,
				A94DCBC320DD999700094682 /* Assets.xcassets */,
				A94DCBC520DD999700094682 /* LaunchScreen.storyboard */,
				A94DCBC820DD999700094682 /* Info.plist */,
				A94DCBC920DD999700094682 /* main.m */,
				A94DCBC020DD999400094682 /* Canary_Weather_App.xcdatamodeld */,
				A9C80B3020E297960074B74E /* CW_WeatherDetail.h */,
				A9C80B3120E297960074B74E /* CW_WeatherDetail.m */,
				A9C80B3220E297960074B74E /* CW_WeatherDetail.xib */,
			);
			path = Canary_Weather_App;
			sourceTree = "<group>";
		};
		A94DCBD220DD999700094682 /* Canary_Weather_AppTests */ = {
			isa = PBXGroup;
			children = (
				A94DCBD320DD999700094682 /* Canary_Weather_AppTests.m */,
				A94DCBD520DD999700094682 /* Info.plist */,
			);
			path = Canary_Weather_AppTests;
			sourceTree = "<group>";
		};
		A94DCBDD20DD999700094682 /* Canary_Weather_AppUITests */ = {
			isa = PBXGroup;
			children = (
				A94DCBDE20DD999700094682 /* Canary_Weather_AppUITests.m */,
				A94DCBE020DD999700094682 /* Info.plist */,
			);
			path = Canary_Weather_AppUITests;
			sourceTree = "<group>";
		};
		C81746C809CE003F0E483788 /* Frameworks */ = {
			isa = PBXGroup;
			children = (
				5261B4A0ACE5502A94113835 /* libPods-Canary_Weather_App.a */,
				6AD4280A975268438A44F8D8 /* libPods-Canary_Weather_AppTests.a */,
				C89E83EF16CB4886F975D4FD /* libPods-Canary_Weather_AppUITests.a */,
			);
			name = Frameworks;
			sourceTree = "<group>";
		};
		DB46F587344C57ED7DB37431 /* Pods */ = {
			isa = PBXGroup;
			children = (
				6824D5269DAD0C4BB82FDB43 /* Pods-Canary_Weather_App.debug.xcconfig */,
				770B73D6092AB60075A7C088 /* Pods-Canary_Weather_App.release.xcconfig */,
				6264D3344202B3D7CF298F04 /* Pods-Canary_Weather_AppTests.debug.xcconfig */,
				9AFA7FAE7887F5175B6436EB /* Pods-Canary_Weather_AppTests.release.xcconfig */,
				EAA9A29284BE2980810FACBF /* Pods-Canary_Weather_AppUITests.debug.xcconfig */,
				A8DAFDA03EF8804EFC792AE6 /* Pods-Canary_Weather_AppUITests.release.xcconfig */,
			);
			name = Pods;
			sourceTree = "<group>";
		};
/* End PBXGroup section */

/* Begin PBXNativeTarget section */
		A94DCBB320DD999400094682 /* Canary_Weather_App */ = {
			isa = PBXNativeTarget;
			buildConfigurationList = A94DCBE320DD999700094682 /* Build configuration list for PBXNativeTarget "Canary_Weather_App" */;
			buildPhases = (
				36C888BA4BCA19CA7D87F00E /* [CP] Check Pods Manifest.lock */,
				A94DCBB020DD999400094682 /* Sources */,
				A94DCBB120DD999400094682 /* Frameworks */,
				A94DCBB220DD999400094682 /* Resources */,
				4EB476E37292DCB2F88CB6EF /* [CP] Copy Pods Resources */,
			);
			buildRules = (
			);
			dependencies = (
			);
			name = Canary_Weather_App;
			productName = Canary_Weather_App;
			productReference = A94DCBB420DD999400094682 /* Canary_Weather_App.app */;
			productType = "com.apple.product-type.application";
		};
		A94DCBCE20DD999700094682 /* Canary_Weather_AppTests */ = {
			isa = PBXNativeTarget;
			buildConfigurationList = A94DCBE620DD999700094682 /* Build configuration list for PBXNativeTarget "Canary_Weather_AppTests" */;
			buildPhases = (
				0469FCA0BDC945377AF1453B /* [CP] Check Pods Manifest.lock */,
				A94DCBCB20DD999700094682 /* Sources */,
				A94DCBCC20DD999700094682 /* Frameworks */,
				A94DCBCD20DD999700094682 /* Resources */,
			);
			buildRules = (
			);
			dependencies = (
				A94DCBD120DD999700094682 /* PBXTargetDependency */,
			);
			name = Canary_Weather_AppTests;
			productName = Canary_Weather_AppTests;
			productReference = A94DCBCF20DD999700094682 /* Canary_Weather_AppTests.xctest */;
			productType = "com.apple.product-type.bundle.unit-test";
		};
		A94DCBD920DD999700094682 /* Canary_Weather_AppUITests */ = {
			isa = PBXNativeTarget;
			buildConfigurationList = A94DCBE920DD999700094682 /* Build configuration list for PBXNativeTarget "Canary_Weather_AppUITests" */;
			buildPhases = (
				8C29326D3A6E5569055D29A4 /* [CP] Check Pods Manifest.lock */,
				A94DCBD620DD999700094682 /* Sources */,
				A94DCBD720DD999700094682 /* Frameworks */,
				A94DCBD820DD999700094682 /* Resources */,
			);
			buildRules = (
			);
			dependencies = (
				A94DCBDC20DD999700094682 /* PBXTargetDependency */,
			);
			name = Canary_Weather_AppUITests;
			productName = Canary_Weather_AppUITests;
			productReference = A94DCBDA20DD999700094682 /* Canary_Weather_AppUITests.xctest */;
			productType = "com.apple.product-type.bundle.ui-testing";
		};
/* End PBXNativeTarget section */

/* Begin PBXProject section */
		A94DCBAC20DD999400094682 /* Project object */ = {
			isa = PBXProject;
			attributes = {
				LastUpgradeCheck = 0940;
				ORGANIZATIONNAME = "Sean Donato";
				TargetAttributes = {
					A94DCBB320DD999400094682 = {
						CreatedOnToolsVersion = 9.4.1;
					};
					A94DCBCE20DD999700094682 = {
						CreatedOnToolsVersion = 9.4.1;
						TestTargetID = A94DCBB320DD999400094682;
					};
					A94DCBD920DD999700094682 = {
						CreatedOnToolsVersion = 9.4.1;
						TestTargetID = A94DCBB320DD999400094682;
					};
				};
			};
			buildConfigurationList = A94DCBAF20DD999400094682 /* Build configuration list for PBXProject "Canary_Weather_App" */;
			compatibilityVersion = "Xcode 9.3";
			developmentRegion = en;
			hasScannedForEncodings = 0;
			knownRegions = (
				en,
				Base,
			);
			mainGroup = A94DCBAB20DD999400094682;
			productRefGroup = A94DCBB520DD999400094682 /* Products */;
			projectDirPath = "";
			projectRoot = "";
			targets = (
				A94DCBB320DD999400094682 /* Canary_Weather_App */,
				A94DCBCE20DD999700094682 /* Canary_Weather_AppTests */,
				A94DCBD920DD999700094682 /* Canary_Weather_AppUITests */,
			);
		};
/* End PBXProject section */

/* Begin PBXResourcesBuildPhase section */
		A94DCBB220DD999400094682 /* Resources */ = {
			isa = PBXResourcesBuildPhase;
			buildActionMask = 2147483647;
			files = (
				A94DCBED20DDB83600094682 /* CW_LocationSlide.xib in Resources */,
				A94DCBC720DD999700094682 /* LaunchScreen.storyboard in Resources */,
				A94DCBC420DD999700094682 /* Assets.xcassets in Resources */,
				A94DCBBF20DD999400094682 /* Main.storyboard in Resources */,
				A94DCBFB20E070D800094682 /* CW_AddLocationView.xib in Resources */,
				A9C80B3420E297960074B74E /* CW_WeatherDetail.xib in Resources */,
			);
			runOnlyForDeploymentPostprocessing = 0;
		};
		A94DCBCD20DD999700094682 /* Resources */ = {
			isa = PBXResourcesBuildPhase;
			buildActionMask = 2147483647;
			files = (
			);
			runOnlyForDeploymentPostprocessing = 0;
		};
		A94DCBD820DD999700094682 /* Resources */ = {
			isa = PBXResourcesBuildPhase;
			buildActionMask = 2147483647;
			files = (
			);
			runOnlyForDeploymentPostprocessing = 0;
		};
/* End PBXResourcesBuildPhase section */

/* Begin PBXShellScriptBuildPhase section */
		0469FCA0BDC945377AF1453B /* [CP] Check Pods Manifest.lock */ = {
			isa = PBXShellScriptBuildPhase;
			buildActionMask = 2147483647;
			files = (
			);
			inputPaths = (
				"${PODS_PODFILE_DIR_PATH}/Podfile.lock",
				"${PODS_ROOT}/Manifest.lock",
			);
			name = "[CP] Check Pods Manifest.lock";
			outputPaths = (
				"$(DERIVED_FILE_DIR)/Pods-Canary_Weather_AppTests-checkManifestLockResult.txt",
			);
			runOnlyForDeploymentPostprocessing = 0;
			shellPath = /bin/sh;
			shellScript = "diff \"${PODS_PODFILE_DIR_PATH}/Podfile.lock\" \"${PODS_ROOT}/Manifest.lock\" > /dev/null\nif [ $? != 0 ] ; then\n    # print error to STDERR\n    echo \"error: The sandbox is not in sync with the Podfile.lock. Run 'pod install' or update your CocoaPods installation.\" >&2\n    exit 1\nfi\n# This output is used by Xcode 'outputs' to avoid re-running this script phase.\necho \"SUCCESS\" > \"${SCRIPT_OUTPUT_FILE_0}\"\n";
			showEnvVarsInLog = 0;
		};
		36C888BA4BCA19CA7D87F00E /* [CP] Check Pods Manifest.lock */ = {
			isa = PBXShellScriptBuildPhase;
			buildActionMask = 2147483647;
			files = (
			);
			inputPaths = (
				"${PODS_PODFILE_DIR_PATH}/Podfile.lock",
				"${PODS_ROOT}/Manifest.lock",
			);
			name = "[CP] Check Pods Manifest.lock";
			outputPaths = (
				"$(DERIVED_FILE_DIR)/Pods-Canary_Weather_App-checkManifestLockResult.txt",
			);
			runOnlyForDeploymentPostprocessing = 0;
			shellPath = /bin/sh;
			shellScript = "diff \"${PODS_PODFILE_DIR_PATH}/Podfile.lock\" \"${PODS_ROOT}/Manifest.lock\" > /dev/null\nif [ $? != 0 ] ; then\n    # print error to STDERR\n    echo \"error: The sandbox is not in sync with the Podfile.lock. Run 'pod install' or update your CocoaPods installation.\" >&2\n    exit 1\nfi\n# This output is used by Xcode 'outputs' to avoid re-running this script phase.\necho \"SUCCESS\" > \"${SCRIPT_OUTPUT_FILE_0}\"\n";
			showEnvVarsInLog = 0;
		};
		4EB476E37292DCB2F88CB6EF /* [CP] Copy Pods Resources */ = {
			isa = PBXShellScriptBuildPhase;
			buildActionMask = 2147483647;
			files = (
			);
			inputPaths = (
				"${SRCROOT}/Pods/Target Support Files/Pods-Canary_Weather_App/Pods-Canary_Weather_App-resources.sh",
				"${PODS_ROOT}/MaterialComponents/components/PageControl/src/MaterialPageControl.bundle",
			);
			name = "[CP] Copy Pods Resources";
			outputPaths = (
				"${TARGET_BUILD_DIR}/${UNLOCALIZED_RESOURCES_FOLDER_PATH}/MaterialPageControl.bundle",
			);
			runOnlyForDeploymentPostprocessing = 0;
			shellPath = /bin/sh;
			shellScript = "\"${SRCROOT}/Pods/Target Support Files/Pods-Canary_Weather_App/Pods-Canary_Weather_App-resources.sh\"\n";
			showEnvVarsInLog = 0;
		};
		8C29326D3A6E5569055D29A4 /* [CP] Check Pods Manifest.lock */ = {
			isa = PBXShellScriptBuildPhase;
			buildActionMask = 2147483647;
			files = (
			);
			inputPaths = (
				"${PODS_PODFILE_DIR_PATH}/Podfile.lock",
				"${PODS_ROOT}/Manifest.lock",
			);
			name = "[CP] Check Pods Manifest.lock";
			outputPaths = (
				"$(DERIVED_FILE_DIR)/Pods-Canary_Weather_AppUITests-checkManifestLockResult.txt",
			);
			runOnlyForDeploymentPostprocessing = 0;
			shellPath = /bin/sh;
			shellScript = "diff \"${PODS_PODFILE_DIR_PATH}/Podfile.lock\" \"${PODS_ROOT}/Manifest.lock\" > /dev/null\nif [ $? != 0 ] ; then\n    # print error to STDERR\n    echo \"error: The sandbox is not in sync with the Podfile.lock. Run 'pod install' or update your CocoaPods installation.\" >&2\n    exit 1\nfi\n# This output is used by Xcode 'outputs' to avoid re-running this script phase.\necho \"SUCCESS\" > \"${SCRIPT_OUTPUT_FILE_0}\"\n";
			showEnvVarsInLog = 0;
		};
/* End PBXShellScriptBuildPhase section */

/* Begin PBXSourcesBuildPhase section */
		A94DCBB020DD999400094682 /* Sources */ = {
			isa = PBXSourcesBuildPhase;
			buildActionMask = 2147483647;
			files = (
				A94DCBC220DD999400094682 /* Canary_Weather_App.xcdatamodeld in Sources */,
				A94DCBBC20DD999400094682 /* ViewController.m in Sources */,
				A94DCBCA20DD999700094682 /* main.m in Sources */,
				A94DCBF320DF41D800094682 /* CW_DarkSkyAPICaller.m in Sources */,
				A94DCBF020DDB85400094682 /* CW_LocationSlide.m in Sources */,
				A94DCBFA20E070D800094682 /* CW_AddLocationView.m in Sources */,
				A9C80B3320E297960074B74E /* CW_WeatherDetail.m in Sources */,
				A94DCBF520E06FA900094682 /* CW_LocationsView.m in Sources */,
				A94DCBB920DD999400094682 /* AppDelegate.m in Sources */,
				A94DCC0120E12D9000094682 /* CW_ForecastCell.m in Sources */,
				A94DCBFE20E0727A00094682 /* CW_ForecastCollection.m in Sources */,
			);
			runOnlyForDeploymentPostprocessing = 0;
		};
		A94DCBCB20DD999700094682 /* Sources */ = {
			isa = PBXSourcesBuildPhase;
			buildActionMask = 2147483647;
			files = (
				A94DCBD420DD999700094682 /* Canary_Weather_AppTests.m in Sources */,
			);
			runOnlyForDeploymentPostprocessing = 0;
		};
		A94DCBD620DD999700094682 /* Sources */ = {
			isa = PBXSourcesBuildPhase;
			buildActionMask = 2147483647;
			files = (
				A94DCBDF20DD999700094682 /* Canary_Weather_AppUITests.m in Sources */,
			);
			runOnlyForDeploymentPostprocessing = 0;
		};
/* End PBXSourcesBuildPhase section */

/* Begin PBXTargetDependency section */
		A94DCBD120DD999700094682 /* PBXTargetDependency */ = {
			isa = PBXTargetDependency;
			target = A94DCBB320DD999400094682 /* Canary_Weather_App */;
			targetProxy = A94DCBD020DD999700094682 /* PBXContainerItemProxy */;
		};
		A94DCBDC20DD999700094682 /* PBXTargetDependency */ = {
			isa = PBXTargetDependency;
			target = A94DCBB320DD999400094682 /* Canary_Weather_App */;
			targetProxy = A94DCBDB20DD999700094682 /* PBXContainerItemProxy */;
		};
/* End PBXTargetDependency section */

/* Begin PBXVariantGroup section */
		A94DCBBD20DD999400094682 /* Main.storyboard */ = {
			isa = PBXVariantGroup;
			children = (
				A94DCBBE20DD999400094682 /* Base */,
			);
			name = Main.storyboard;
			sourceTree = "<group>";
		};
		A94DCBC520DD999700094682 /* LaunchScreen.storyboard */ = {
			isa = PBXVariantGroup;
			children = (
				A94DCBC620DD999700094682 /* Base */,
			);
			name = LaunchScreen.storyboard;
			sourceTree = "<group>";
		};
/* End PBXVariantGroup section */

/* Begin XCBuildConfiguration section */
		A94DCBE120DD999700094682 /* Debug */ = {
			isa = XCBuildConfiguration;
			buildSettings = {
				ALWAYS_SEARCH_USER_PATHS = NO;
				CLANG_ANALYZER_NONNULL = YES;
				CLANG_ANALYZER_NUMBER_OBJECT_CONVERSION = YES_AGGRESSIVE;
				CLANG_CXX_LANGUAGE_STANDARD = "gnu++14";
				CLANG_CXX_LIBRARY = "libc++";
				CLANG_ENABLE_MODULES = YES;
				CLANG_ENABLE_OBJC_ARC = YES;
				CLANG_ENABLE_OBJC_WEAK = YES;
				CLANG_WARN_BLOCK_CAPTURE_AUTORELEASING = YES;
				CLANG_WARN_BOOL_CONVERSION = YES;
				CLANG_WARN_COMMA = YES;
				CLANG_WARN_CONSTANT_CONVERSION = YES;
				CLANG_WARN_DEPRECATED_OBJC_IMPLEMENTATIONS = YES;
				CLANG_WARN_DIRECT_OBJC_ISA_USAGE = YES_ERROR;
				CLANG_WARN_DOCUMENTATION_COMMENTS = YES;
				CLANG_WARN_EMPTY_BODY = YES;
				CLANG_WARN_ENUM_CONVERSION = YES;
				CLANG_WARN_INFINITE_RECURSION = YES;
				CLANG_WARN_INT_CONVERSION = YES;
				CLANG_WARN_NON_LITERAL_NULL_CONVERSION = YES;
				CLANG_WARN_OBJC_IMPLICIT_RETAIN_SELF = YES;
				CLANG_WARN_OBJC_LITERAL_CONVERSION = YES;
				CLANG_WARN_OBJC_ROOT_CLASS = YES_ERROR;
				CLANG_WARN_RANGE_LOOP_ANALYSIS = YES;
				CLANG_WARN_STRICT_PROTOTYPES = YES;
				CLANG_WARN_SUSPICIOUS_MOVE = YES;
				CLANG_WARN_UNGUARDED_AVAILABILITY = YES_AGGRESSIVE;
				CLANG_WARN_UNREACHABLE_CODE = YES;
				CLANG_WARN__DUPLICATE_METHOD_MATCH = YES;
				CODE_SIGN_IDENTITY = "iPhone Developer";
				COPY_PHASE_STRIP = NO;
				DEBUG_INFORMATION_FORMAT = dwarf;
				ENABLE_STRICT_OBJC_MSGSEND = YES;
				ENABLE_TESTABILITY = YES;
				GCC_C_LANGUAGE_STANDARD = gnu11;
				GCC_DYNAMIC_NO_PIC = NO;
				GCC_NO_COMMON_BLOCKS = YES;
				GCC_OPTIMIZATION_LEVEL = 0;
				GCC_PREPROCESSOR_DEFINITIONS = (
					"DEBUG=1",
					"$(inherited)",
				);
				GCC_WARN_64_TO_32_BIT_CONVERSION = YES;
				GCC_WARN_ABOUT_RETURN_TYPE = YES_ERROR;
				GCC_WARN_UNDECLARED_SELECTOR = YES;
				GCC_WARN_UNINITIALIZED_AUTOS = YES_AGGRESSIVE;
				GCC_WARN_UNUSED_FUNCTION = YES;
				GCC_WARN_UNUSED_VARIABLE = YES;
				IPHONEOS_DEPLOYMENT_TARGET = 11.4;
				MTL_ENABLE_DEBUG_INFO = YES;
				ONLY_ACTIVE_ARCH = YES;
				SDKROOT = iphoneos;
			};
			name = Debug;
		};
		A94DCBE220DD999700094682 /* Release */ = {
			isa = XCBuildConfiguration;
			buildSettings = {
				ALWAYS_SEARCH_USER_PATHS = NO;
				CLANG_ANALYZER_NONNULL = YES;
				CLANG_ANALYZER_NUMBER_OBJECT_CONVERSION = YES_AGGRESSIVE;
				CLANG_CXX_LANGUAGE_STANDARD = "gnu++14";
				CLANG_CXX_LIBRARY = "libc++";
				CLANG_ENABLE_MODULES = YES;
				CLANG_ENABLE_OBJC_ARC = YES;
				CLANG_ENABLE_OBJC_WEAK = YES;
				CLANG_WARN_BLOCK_CAPTURE_AUTORELEASING = YES;
				CLANG_WARN_BOOL_CONVERSION = YES;
				CLANG_WARN_COMMA = YES;
				CLANG_WARN_CONSTANT_CONVERSION = YES;
				CLANG_WARN_DEPRECATED_OBJC_IMPLEMENTATIONS = YES;
				CLANG_WARN_DIRECT_OBJC_ISA_USAGE = YES_ERROR;
				CLANG_WARN_DOCUMENTATION_COMMENTS = YES;
				CLANG_WARN_EMPTY_BODY = YES;
				CLANG_WARN_ENUM_CONVERSION = YES;
				CLANG_WARN_INFINITE_RECURSION = YES;
				CLANG_WARN_INT_CONVERSION = YES;
				CLANG_WARN_NON_LITERAL_NULL_CONVERSION = YES;
				CLANG_WARN_OBJC_IMPLICIT_RETAIN_SELF = YES;
				CLANG_WARN_OBJC_LITERAL_CONVERSION = YES;
				CLANG_WARN_OBJC_ROOT_CLASS = YES_ERROR;
				CLANG_WARN_RANGE_LOOP_ANALYSIS = YES;
				CLANG_WARN_STRICT_PROTOTYPES = YES;
				CLANG_WARN_SUSPICIOUS_MOVE = YES;
				CLANG_WARN_UNGUARDED_AVAILABILITY = YES_AGGRESSIVE;
				CLANG_WARN_UNREACHABLE_CODE = YES;
				CLANG_WARN__DUPLICATE_METHOD_MATCH = YES;
				CODE_SIGN_IDENTITY = "iPhone Developer";
				COPY_PHASE_STRIP = NO;
				DEBUG_INFORMATION_FORMAT = "dwarf-with-dsym";
				ENABLE_NS_ASSERTIONS = NO;
				ENABLE_STRICT_OBJC_MSGSEND = YES;
				GCC_C_LANGUAGE_STANDARD = gnu11;
				GCC_NO_COMMON_BLOCKS = YES;
				GCC_WARN_64_TO_32_BIT_CONVERSION = YES;
				GCC_WARN_ABOUT_RETURN_TYPE = YES_ERROR;
				GCC_WARN_UNDECLARED_SELECTOR = YES;
				GCC_WARN_UNINITIALIZED_AUTOS = YES_AGGRESSIVE;
				GCC_WARN_UNUSED_FUNCTION = YES;
				GCC_WARN_UNUSED_VARIABLE = YES;
				IPHONEOS_DEPLOYMENT_TARGET = 11.4;
				MTL_ENABLE_DEBUG_INFO = NO;
				SDKROOT = iphoneos;
				VALIDATE_PRODUCT = YES;
			};
			name = Release;
		};
		A94DCBE420DD999700094682 /* Debug */ = {
			isa = XCBuildConfiguration;
			baseConfigurationReference = 6824D5269DAD0C4BB82FDB43 /* Pods-Canary_Weather_App.debug.xcconfig */;
			buildSettings = {
				ASSETCATALOG_COMPILER_APPICON_NAME = AppIcon;
				CODE_SIGN_STYLE = Automatic;
				DEVELOPMENT_TEAM = 25PH49W475;
				INFOPLIST_FILE = Canary_Weather_App/Info.plist;
				LD_RUNPATH_SEARCH_PATHS = (
					"$(inherited)",
					"@executable_path/Frameworks",
				);
				PRODUCT_BUNDLE_IDENTIFIER = "SD.Canary-Weather-App";
				PRODUCT_NAME = "$(TARGET_NAME)";
				TARGETED_DEVICE_FAMILY = "1,2";
			};
			name = Debug;
		};
		A94DCBE520DD999700094682 /* Release */ = {
			isa = XCBuildConfiguration;
			baseConfigurationReference = 770B73D6092AB60075A7C088 /* Pods-Canary_Weather_App.release.xcconfig */;
			buildSettings = {
				ASSETCATALOG_COMPILER_APPICON_NAME = AppIcon;
				CODE_SIGN_STYLE = Automatic;
				DEVELOPMENT_TEAM = 25PH49W475;
				INFOPLIST_FILE = Canary_Weather_App/Info.plist;
				LD_RUNPATH_SEARCH_PATHS = (
					"$(inherited)",
					"@executable_path/Frameworks",
				);
				PRODUCT_BUNDLE_IDENTIFIER = "SD.Canary-Weather-App";
				PRODUCT_NAME = "$(TARGET_NAME)";
				TARGETED_DEVICE_FAMILY = "1,2";
			};
			name = Release;
		};
		A94DCBE720DD999700094682 /* Debug */ = {
			isa = XCBuildConfiguration;
			baseConfigurationReference = 6264D3344202B3D7CF298F04 /* Pods-Canary_Weather_AppTests.debug.xcconfig */;
			buildSettings = {
				BUNDLE_LOADER = "$(TEST_HOST)";
				CODE_SIGN_STYLE = Automatic;
				INFOPLIST_FILE = Canary_Weather_AppTests/Info.plist;
				LD_RUNPATH_SEARCH_PATHS = (
					"$(inherited)",
					"@executable_path/Frameworks",
					"@loader_path/Frameworks",
				);
				PRODUCT_BUNDLE_IDENTIFIER = "SD.Canary-Weather-AppTests";
				PRODUCT_NAME = "$(TARGET_NAME)";
				TARGETED_DEVICE_FAMILY = "1,2";
				TEST_HOST = "$(BUILT_PRODUCTS_DIR)/Canary_Weather_App.app/Canary_Weather_App";
			};
			name = Debug;
		};
		A94DCBE820DD999700094682 /* Release */ = {
			isa = XCBuildConfiguration;
			baseConfigurationReference = 9AFA7FAE7887F5175B6436EB /* Pods-Canary_Weather_AppTests.release.xcconfig */;
			buildSettings = {
				BUNDLE_LOADER = "$(TEST_HOST)";
				CODE_SIGN_STYLE = Automatic;
				INFOPLIST_FILE = Canary_Weather_AppTests/Info.plist;
				LD_RUNPATH_SEARCH_PATHS = (
					"$(inherited)",
					"@executable_path/Frameworks",
					"@loader_path/Frameworks",
				);
				PRODUCT_BUNDLE_IDENTIFIER = "SD.Canary-Weather-AppTests";
				PRODUCT_NAME = "$(TARGET_NAME)";
				TARGETED_DEVICE_FAMILY = "1,2";
				TEST_HOST = "$(BUILT_PRODUCTS_DIR)/Canary_Weather_App.app/Canary_Weather_App";
			};
			name = Release;
		};
		A94DCBEA20DD999700094682 /* Debug */ = {
			isa = XCBuildConfiguration;
			baseConfigurationReference = EAA9A29284BE2980810FACBF /* Pods-Canary_Weather_AppUITests.debug.xcconfig */;
			buildSettings = {
				CODE_SIGN_STYLE = Automatic;
				INFOPLIST_FILE = Canary_Weather_AppUITests/Info.plist;
				LD_RUNPATH_SEARCH_PATHS = (
					"$(inherited)",
					"@executable_path/Frameworks",
					"@loader_path/Frameworks",
				);
				PRODUCT_BUNDLE_IDENTIFIER = "SD.Canary-Weather-AppUITests";
				PRODUCT_NAME = "$(TARGET_NAME)";
				TARGETED_DEVICE_FAMILY = "1,2";
				TEST_TARGET_NAME = Canary_Weather_App;
			};
			name = Debug;
		};
		A94DCBEB20DD999700094682 /* Release */ = {
			isa = XCBuildConfiguration;
			baseConfigurationReference = A8DAFDA03EF8804EFC792AE6 /* Pods-Canary_Weather_AppUITests.release.xcconfig */;
			buildSettings = {
				CODE_SIGN_STYLE = Automatic;
				INFOPLIST_FILE = Canary_Weather_AppUITests/Info.plist;
				LD_RUNPATH_SEARCH_PATHS = (
					"$(inherited)",
					"@executable_path/Frameworks",
					"@loader_path/Frameworks",
				);
				PRODUCT_BUNDLE_IDENTIFIER = "SD.Canary-Weather-AppUITests";
				PRODUCT_NAME = "$(TARGET_NAME)";
				TARGETED_DEVICE_FAMILY = "1,2";
				TEST_TARGET_NAME = Canary_Weather_App;
			};
			name = Release;
		};
/* End XCBuildConfiguration section */

/* Begin XCConfigurationList section */
		A94DCBAF20DD999400094682 /* Build configuration list for PBXProject "Canary_Weather_App" */ = {
			isa = XCConfigurationList;
			buildConfigurations = (
				A94DCBE120DD999700094682 /* Debug */,
				A94DCBE220DD999700094682 /* Release */,
			);
			defaultConfigurationIsVisible = 0;
			defaultConfigurationName = Release;
		};
		A94DCBE320DD999700094682 /* Build configuration list for PBXNativeTarget "Canary_Weather_App" */ = {
			isa = XCConfigurationList;
			buildConfigurations = (
				A94DCBE420DD999700094682 /* Debug */,
				A94DCBE520DD999700094682 /* Release */,
			);
			defaultConfigurationIsVisible = 0;
			defaultConfigurationName = Release;
		};
		A94DCBE620DD999700094682 /* Build configuration list for PBXNativeTarget "Canary_Weather_AppTests" */ = {
			isa = XCConfigurationList;
			buildConfigurations = (
				A94DCBE720DD999700094682 /* Debug */,
				A94DCBE820DD999700094682 /* Release */,
			);
			defaultConfigurationIsVisible = 0;
			defaultConfigurationName = Release;
		};
		A94DCBE920DD999700094682 /* Build configuration list for PBXNativeTarget "Canary_Weather_AppUITests" */ = {
			isa = XCConfigurationList;
			buildConfigurations = (
				A94DCBEA20DD999700094682 /* Debug */,
				A94DCBEB20DD999700094682 /* Release */,
			);
			defaultConfigurationIsVisible = 0;
			defaultConfigurationName = Release;
		};
/* End XCConfigurationList section */

/* Begin XCVersionGroup section */
		A94DCBC020DD999400094682 /* Canary_Weather_App.xcdatamodeld */ = {
			isa = XCVersionGroup;
			children = (
				A94DCBC120DD999400094682 /* Canary_Weather_App.xcdatamodel */,
			);
			currentVersion = A94DCBC120DD999400094682 /* Canary_Weather_App.xcdatamodel */;
			path = Canary_Weather_App.xcdatamodeld;
			sourceTree = "<group>";
			versionGroupType = wrapper.xcdatamodel;
		};
/* End XCVersionGroup section */
	};
	rootObject = A94DCBAC20DD999400094682 /* Project object */;
}
